PODS:
  - AFNetworking (4.0.1):
    - AFNetworking/NSURLSession (= 4.0.1)
    - AFNetworking/Reachability (= 4.0.1)
    - AFNetworking/Security (= 4.0.1)
    - AFNetworking/Serialization (= 4.0.1)
    - AFNetworking/UIKit (= 4.0.1)
  - AFNetworking/NSURLSession (4.0.1):
    - AFNetworking/Reachability
    - AFNetworking/Security
    - AFNetworking/Serialization
  - AFNetworking/Reachability (4.0.1)
  - AFNetworking/Security (4.0.1)
  - AFNetworking/Serialization (4.0.1)
  - AFNetworking/UIKit (4.0.1):
    - AFNetworking/NSURLSession
  - ComponentModuleC (0.0.4):
    - LogicBaseComponentModule
    - XAbstractionLibrary-UICommon
  - LogicBaseComponentModule (0.0.9):
    - lottie-ios (~> 2.5.3)
    - Masonry (~> 1.1.0)
    - SDWebImage
    - XAbstractionLibrary-Base
    - XAbstractionLibrary-NetWork
    - XAbstractionLibrary-Parse
    - XAbstractionLibrary-UICommon
  - lottie-ios (2.5.3)
  - Mantle (2.1.6):
    - Mantle/extobjc (= 2.1.6)
  - Mantle/extobjc (2.1.6)
  - Masonry (1.1.0)
  - MD5Digest (1.1.0)
  - OpenUDID (1.0.0)
  - SDWebImage (5.9.4):
    - SDWebImage/Core (= 5.9.4)
  - SDWebImage/Core (5.9.4)
  - XAbstractionLibrary-Base (0.0.26):
    - MD5Digest
    - OpenUDID
  - XAbstractionLibrary-NetWork (0.0.26):
    - AFNetworking
    - XAbstractionLibrary-Base
  - XAbstractionLibrary-Parse (0.0.26):
    - Mantle (~> 2.1.0)
    - XAbstractionLibrary-Base
  - XAbstractionLibrary-UICommon (0.0.26):
    - XAbstractionLibrary-Base
    - XAbstractionLibrary-NetWork
    - XAbstractionLibrary-Parse
    - XXNibBridge
  - XXNibBridge (2.3.1)

DEPENDENCIES:
  - ComponentModuleC (from `../`)

SPEC REPOS:
  https://github.com/jiaojiaozhe/XAbstractionLibrary-Specs:
    - LogicBaseComponentModule
    - XAbstractionLibrary-Base
    - XAbstractionLibrary-NetWork
    - XAbstractionLibrary-Parse
    - XAbstractionLibrary-UICommon
  https://mirrors.tuna.tsinghua.edu.cn/git/CocoaPods/Specs.git:
    - AFNetworking
    - lottie-ios
    - Mantle
    - Masonry
    - MD5Digest
    - OpenUDID
    - SDWebImage
    - XXNibBridge

EXTERNAL SOURCES:
  ComponentModuleC:
    :path: "../"

SPEC CHECKSUMS:
  AFNetworking: 7864c38297c79aaca1500c33288e429c3451fdce
  ComponentModuleC: c47bb5cb9e18577338791b50104833839977baeb
  LogicBaseComponentModule: 6dd0b328ee245a999f40bfaeaeed4f75de599f1f
  lottie-ios: a50d5c0160425cd4b01b852bb9578963e6d92d31
  Mantle: 4c0ed6ce47c96eccc4dc3bb071deb3def0e2c3be
  Masonry: 678fab65091a9290e40e2832a55e7ab731aad201
  MD5Digest: fea371215507cfcdc3c9633d02cffc7fd075ebc3
  OpenUDID: e7cb6984c7304906ad20f3a36bf087b025896b6b
  SDWebImage: b69257f4ab14e9b6a2ef53e910fdf914d8f757c1
  XAbstractionLibrary-Base: f345d0195eca303b182cb542797cf769c3ead099
  XAbstractionLibrary-NetWork: 87a5f6e2ddd5f66e0c30c6cf7ed13a88d2b4b6da
  XAbstractionLibrary-Parse: f517318f32af7b610e0f7dc6c60c26e3b26c6a67
  XAbstractionLibrary-UICommon: c3c387a183b21a5ef4b5dc0a808095af28dbfd5e
  XXNibBridge: addb780e6db076eb2c61716aa60b176a6799b80f

PODFILE CHECKSUM: d7646489d8052e5092040253329e351bfc6a8781

COCOAPODS: 1.9.1
